
Microsoft Visual Studio Solution File, Format Version 12.00
# Visual Studio Version 17
VisualStudioVersion = 17.14.36119.2 d17.14
MinimumVisualStudioVersion = 10.0.40219.1
Project("{FAE04EC0-301F-11D3-BF4B-00C04F79EFBC}") = "Banksystem_scratch", "Banksystem_scratch\Banksystem_scratch.csproj", "{A115EC2F-1786-425A-9E32-A39EFC85E034}"
EndProject
Global
	GlobalSection(SolutionConfigurationPlatforms) = preSolution
		Debug|Any CPU = Debug|Any CPU
		Release|Any CPU = Release|Any CPU
	EndGlobalSection
	GlobalSection(ProjectConfigurationPlatforms) = postSolution
		{A115EC2F-1786-425A-9E32-A39EFC85E034}.Debug|Any CPU.ActiveCfg = Debug|Any CPU
		{A115EC2F-1786-425A-9E32-A39EFC85E034}.Debug|Any CPU.Build.0 = Debug|Any CPU
		{A115EC2F-1786-425A-9E32-A39EFC85E034}.Release|Any CPU.ActiveCfg = Release|Any CPU
		{A115EC2F-1786-425A-9E32-A39EFC85E034}.Release|Any CPU.Build.0 = Release|Any CPU
	EndGlobalSection
	GlobalSection(SolutionProperties) = preSolution
		HideSolutionNode = FALSE
	EndGlobalSection
	GlobalSection(ExtensibilityGlobals) = postSolution
		SolutionGuid = {D33DFAAA-4F20-47A8-AFEC-A5102CF58C4B}
	EndGlobalSection
EndGlobal
